<?xml version="1.0" encoding="utf-8"?>
<Project ToolsVersion="4.0" xmlns="http://schemas.microsoft.com/developer/msbuild/2003">
  <ItemGroup>
    <Filter Include="Source Files">
      <UniqueIdentifier>{4FC737F1-C7A5-4376-A066-2A32D752A2FF}</UniqueIdentifier>
      <Extensions>cpp;c;cc;cxx;def;odl;idl;hpj;bat;asm;asmx</Extensions>
    </Filter>
    <Filter Include="Header Files">
      <UniqueIdentifier>{93995380-89BD-4b04-88EB-625FBE52EBFB}</UniqueIdentifier>
      <Extensions>h;hpp;hxx;hm;inl;inc;xsd</Extensions>
    </Filter>
    <Filter Include="Resource Files">
      <UniqueIdentifier>{67DA6AB6-F800-4c08-8B7A-83BB121AAD01}</UniqueIdentifier>
      <Extensions>rc;ico;cur;bmp;dlg;rc2;rct;bin;rgs;gif;jpg;jpeg;jpe;resx;tiff;tif;png;wav</Extensions>
    </Filter>
  </ItemGroup>
  <ItemGroup>
    <ClCompile Include="AboutDlg.cpp">
      <Filter>Source Files</Filter>
    </ClCompile>
    <ClCompile Include="debugDlg.cpp">
      <Filter>Source Files</Filter>
    </ClCompile>
    <ClCompile Include="detailDlg.cpp">
      <Filter>Source Files</Filter>
    </ClCompile>
    <ClCompile Include="EvaluationDlg.cpp">
      <Filter>Source Files</Filter>
    </ClCompile>
    <ClCompile Include="Fanmotor.cpp">
      <Filter>Source Files</Filter>
    </ClCompile>
    <ClCompile Include="FanmotorDlg.cpp">
      <Filter>Source Files</Filter>
    </ClCompile>
    <ClCompile Include="OTPcalDlg.cpp">
      <Filter>Source Files</Filter>
    </ClCompile>
    <ClCompile Include="OTPDlg.cpp">
      <Filter>Source Files</Filter>
    </ClCompile>
    <ClCompile Include="stdafx.cpp">
      <Filter>Source Files</Filter>
    </ClCompile>
    <ClCompile Include="TestDlg.cpp">
      <Filter>Source Files</Filter>
    </ClCompile>
    <ClCompile Include="BridgeFunctionsUsage.cpp">
      <Filter>Source Files</Filter>
    </ClCompile>
    <ClCompile Include="BridgeInfo.cpp">
      <Filter>Source Files</Filter>
    </ClCompile>
    <ClCompile Include="USB2IICevent_Sink.cpp">
      <Filter>Source Files</Filter>
    </ClCompile>
    <ClCompile Include="IntTest.cpp">
      <Filter>Source Files</Filter>
    </ClCompile>
    <ClCompile Include="SpdProfile.cpp">
      <Filter>Source Files</Filter>
    </ClCompile>
    <ClCompile Include="TposDlg.cpp">
      <Filter>Source Files</Filter>
    </ClCompile>
    <ClCompile Include="AdTorqueDlg.cpp">
      <Filter>Source Files</Filter>
    </ClCompile>
    <ClCompile Include="OTPCALReadDlg.cpp">
      <Filter>Source Files</Filter>
    </ClCompile>
    <ClCompile Include="DacReadback.cpp">
      <Filter>Source Files</Filter>
    </ClCompile>
    <ClCompile Include="ReliabilityDlg.cpp">
      <Filter>Source Files</Filter>
    </ClCompile>
    <ClCompile Include="SpdRamp.cpp">
      <Filter>Source Files</Filter>
    </ClCompile>
    <ClCompile Include="FWTOR.cpp">
      <Filter>Source Files</Filter>
    </ClCompile>
    <ClCompile Include="TposCUSTDlg.cpp">
      <Filter>Source Files</Filter>
    </ClCompile>
    <ClCompile Include="ReliabilityCUSTDlg.cpp">
      <Filter>Source Files</Filter>
    </ClCompile>
  </ItemGroup>
  <ItemGroup>
    <ClInclude Include="AboutDlg.h">
      <Filter>Header Files</Filter>
    </ClInclude>
    <ClInclude Include="debugDlg.h">
      <Filter>Header Files</Filter>
    </ClInclude>
    <ClInclude Include="detailDlg.h">
      <Filter>Header Files</Filter>
    </ClInclude>
    <ClInclude Include="EvaluationDlg.h">
      <Filter>Header Files</Filter>
    </ClInclude>
    <ClInclude Include="Fanmotor.h">
      <Filter>Header Files</Filter>
    </ClInclude>
    <ClInclude Include="FanmotorDlg.h">
      <Filter>Header Files</Filter>
    </ClInclude>
    <ClInclude Include="OTPcalDlg.h">
      <Filter>Header Files</Filter>
    </ClInclude>
    <ClInclude Include="OTPDlg.h">
      <Filter>Header Files</Filter>
    </ClInclude>
    <ClInclude Include="Resource.h">
      <Filter>Header Files</Filter>
    </ClInclude>
    <ClInclude Include="stdafx.h">
      <Filter>Header Files</Filter>
    </ClInclude>
    <ClInclude Include="TestDlg.h">
      <Filter>Header Files</Filter>
    </ClInclude>
    <ClInclude Include="BridgeFunctionsUsage.h">
      <Filter>Header Files</Filter>
    </ClInclude>
    <ClInclude Include="BridgeInfo.h">
      <Filter>Header Files</Filter>
    </ClInclude>
    <ClInclude Include="CUSB2IICcom_Exe.h">
      <Filter>Header Files</Filter>
    </ClInclude>
    <ClInclude Include="m8c.h">
      <Filter>Header Files</Filter>
    </ClInclude>
    <ClInclude Include="USB2IICevent_Sink.h">
      <Filter>Header Files</Filter>
    </ClInclude>
    <ClInclude Include="IntTest.h">
      <Filter>Header Files</Filter>
    </ClInclude>
    <ClInclude Include="SpdProfile.h">
      <Filter>Header Files</Filter>
    </ClInclude>
    <ClInclude Include="TposDlg.h">
      <Filter>Header Files</Filter>
    </ClInclude>
    <ClInclude Include="AdTorqueDlg.h">
      <Filter>Header Files</Filter>
    </ClInclude>
    <ClInclude Include="OTPCALReadDlg.h">
      <Filter>Header Files</Filter>
    </ClInclude>
    <ClInclude Include="Decl-32.h">
      <Filter>Header Files</Filter>
    </ClInclude>
    <ClInclude Include="ni488.h">
      <Filter>Header Files</Filter>
    </ClInclude>
    <ClInclude Include="DacReadback.h">
      <Filter>Header Files</Filter>
    </ClInclude>
    <ClInclude Include="ReliabilityDlg.h">
      <Filter>Header Files</Filter>
    </ClInclude>
    <ClInclude Include="SpdRamp.h">
      <Filter>Header Files</Filter>
    </ClInclude>
    <ClInclude Include="FWTOR.h">
      <Filter>Header Files</Filter>
    </ClInclude>
    <ClInclude Include="TposCUSTDlg.h">
      <Filter>Header Files</Filter>
    </ClInclude>
    <ClInclude Include="ReliabilityCUSTDlg.h">
      <Filter>Header Files</Filter>
    </ClInclude>
  </ItemGroup>
  <ItemGroup>
    <None Include="res\bitmap1.bmp">
      <Filter>Resource Files</Filter>
    </None>
    <None Include="res\Fanmotor.ico">
      <Filter>Resource Files</Filter>
    </None>
    <None Include="res\Fanmotor.rc2">
      <Filter>Resource Files</Filter>
    </None>
    <None Include="ReadMe.txt" />
    <None Include="res\1.bmp">
      <Filter>Resource Files</Filter>
    </None>
  </ItemGroup>
  <ItemGroup>
    <ResourceCompile Include="Fanmotor.rc">
      <Filter>Resource Files</Filter>
    </ResourceCompile>
  </ItemGroup>
</Project>